
Microsoft Visual Studio Solution File, Format Version 12.00
# Visual Studio Version 16
VisualStudioVersion = 16.0.31911.196
MinimumVisualStudioVersion = 10.0.40219.1
Project("{9A19103F-16F7-4668-BE54-9A1E7A4F7556}") = "WpfApp_1", "WpfApp_1\WpfApp_1.csproj", "{C58375BF-1585-4CF3-87F3-8092C4E1A43A}"
EndProject
Project("{FAE04EC0-301F-11D3-BF4B-00C04F79EFBC}") = "Petrova.WPF.MVVM.Core", "Petrova.Wpf.MVVM.Core\Petrova.WPF.MVVM.Core.csproj", "{EF63640E-D7D8-4A3E-8AA2-858636F63AE6}"
EndProject
Project("{FAE04EC0-301F-11D3-BF4B-00C04F79EFBC}") = "Petrova.WPF.MVVM", "Petrova.Wpf.MVVM\Petrova.WPF.MVVM.csproj", "{473482AB-58B2-458E-8330-A293CE918887}"
EndProject
Global
	GlobalSection(SolutionConfigurationPlatforms) = preSolution
		Debug|Any CPU = Debug|Any CPU
		Release|Any CPU = Release|Any CPU
	EndGlobalSection
	GlobalSection(ProjectConfigurationPlatforms) = postSolution
		{C58375BF-1585-4CF3-87F3-8092C4E1A43A}.Debug|Any CPU.ActiveCfg = Debug|Any CPU
		{C58375BF-1585-4CF3-87F3-8092C4E1A43A}.Debug|Any CPU.Build.0 = Debug|Any CPU
		{C58375BF-1585-4CF3-87F3-8092C4E1A43A}.Release|Any CPU.ActiveCfg = Release|Any CPU
		{C58375BF-1585-4CF3-87F3-8092C4E1A43A}.Release|Any CPU.Build.0 = Release|Any CPU
		{EF63640E-D7D8-4A3E-8AA2-858636F63AE6}.Debug|Any CPU.ActiveCfg = Debug|Any CPU
		{EF63640E-D7D8-4A3E-8AA2-858636F63AE6}.Debug|Any CPU.Build.0 = Debug|Any CPU
		{EF63640E-D7D8-4A3E-8AA2-858636F63AE6}.Release|Any CPU.ActiveCfg = Release|Any CPU
		{EF63640E-D7D8-4A3E-8AA2-858636F63AE6}.Release|Any CPU.Build.0 = Release|Any CPU
		{473482AB-58B2-458E-8330-A293CE918887}.Debug|Any CPU.ActiveCfg = Debug|Any CPU
		{473482AB-58B2-458E-8330-A293CE918887}.Debug|Any CPU.Build.0 = Debug|Any CPU
		{473482AB-58B2-458E-8330-A293CE918887}.Release|Any CPU.ActiveCfg = Release|Any CPU
		{473482AB-58B2-458E-8330-A293CE918887}.Release|Any CPU.Build.0 = Release|Any CPU
	EndGlobalSection
	GlobalSection(SolutionProperties) = preSolution
		HideSolutionNode = FALSE
	EndGlobalSection
	GlobalSection(ExtensibilityGlobals) = postSolution
		SolutionGuid = {75260628-3FC9-4041-BCDE-71556E92675F}
	EndGlobalSection
EndGlobal
